
Microsoft Visual Studio Solution File, Format Version 12.00
# Visual Studio Version 17
VisualStudioVersion = 17.3.32929.385
MinimumVisualStudioVersion = 10.0.40219.1
Project("{FAE04EC0-301F-11D3-BF4B-00C04F79EFBC}") = "Ejercicios", "Ejercicios\Ejercicios.csproj", "{D73F90BD-07FB-4C94-B2CA-D8C0FDB1054E}"
EndProject
Global
	GlobalSection(SolutionConfigurationPlatforms) = preSolution
		Debug|Any CPU = Debug|Any CPU
		Release|Any CPU = Release|Any CPU
	EndGlobalSection
	GlobalSection(ProjectConfigurationPlatforms) = postSolution
		{D73F90BD-07FB-4C94-B2CA-D8C0FDB1054E}.Debug|Any CPU.ActiveCfg = Debug|Any CPU
		{D73F90BD-07FB-4C94-B2CA-D8C0FDB1054E}.Debug|Any CPU.Build.0 = Debug|Any CPU
		{D73F90BD-07FB-4C94-B2CA-D8C0FDB1054E}.Release|Any CPU.ActiveCfg = Release|Any CPU
		{D73F90BD-07FB-4C94-B2CA-D8C0FDB1054E}.Release|Any CPU.Build.0 = Release|Any CPU
	EndGlobalSection
	GlobalSection(SolutionProperties) = preSolution
		HideSolutionNode = FALSE
	EndGlobalSection
	GlobalSection(ExtensibilityGlobals) = postSolution
		SolutionGuid = {13AA27CE-87D3-4881-9350-ED2B921DF54D}
	EndGlobalSection
EndGlobal
