
Microsoft Visual Studio Solution File, Format Version 12.00
# Visual Studio Version 17
VisualStudioVersion = 17.3.32929.385
MinimumVisualStudioVersion = 10.0.40219.1
Project("{FAE04EC0-301F-11D3-BF4B-00C04F79EFBC}") = "practica2", "practica2\practica2.csproj", "{D10B74FE-F430-4CC8-ACEE-7D7945EEB51F}"
EndProject
Global
	GlobalSection(SolutionConfigurationPlatforms) = preSolution
		Debug|Any CPU = Debug|Any CPU
		Release|Any CPU = Release|Any CPU
	EndGlobalSection
	GlobalSection(ProjectConfigurationPlatforms) = postSolution
		{D10B74FE-F430-4CC8-ACEE-7D7945EEB51F}.Debug|Any CPU.ActiveCfg = Debug|Any CPU
		{D10B74FE-F430-4CC8-ACEE-7D7945EEB51F}.Debug|Any CPU.Build.0 = Debug|Any CPU
		{D10B74FE-F430-4CC8-ACEE-7D7945EEB51F}.Release|Any CPU.ActiveCfg = Release|Any CPU
		{D10B74FE-F430-4CC8-ACEE-7D7945EEB51F}.Release|Any CPU.Build.0 = Release|Any CPU
	EndGlobalSection
	GlobalSection(SolutionProperties) = preSolution
		HideSolutionNode = FALSE
	EndGlobalSection
	GlobalSection(ExtensibilityGlobals) = postSolution
		SolutionGuid = {7F13D287-23B1-4E7F-8E7E-B772DE70BA51}
	EndGlobalSection
EndGlobal
